
Microsoft Visual Studio Solution File, Format Version 11.00
# Visual Studio 2010
Project("{2150E333-8FDC-42A3-9474-1A3956D46DE8}") = "Plugins", "Plugins", "{741A8D85-7C04-410B-B228-4416025072B5}"
EndProject
Project("{2150E333-8FDC-42A3-9474-1A3956D46DE8}") = "NewFolder1", "NewFolder1", "{7AF989B4-EAE4-4E15-9B34-AB283430423D}"
EndProject
Project("{FAE04EC0-301F-11D3-BF4B-00C04F79EFBC}") = "TweetOBoxMain", "TweetOBoxMain\TweetOBoxMain.csproj", "{34C562C4-8FE4-401A-BCFA-F5474A856785}"
EndProject
Project("{FAE04EC0-301F-11D3-BF4B-00C04F79EFBC}") = "TOB.TweetSharpWrap", "TOB.TweetSharpWrap\TOB.TweetSharpWrap.csproj", "{71BDC41C-B745-4470-BBA2-0271084FD9D5}"
EndProject
Project("{FAE04EC0-301F-11D3-BF4B-00C04F79EFBC}") = "TOB.Entities", "TOB.Entities\TOB.Entities.csproj", "{539753DC-CBC7-4335-B694-9F37C24ED435}"
EndProject
Project("{FAE04EC0-301F-11D3-BF4B-00C04F79EFBC}") = "TOB.DAL", "TOB.DAL\TOB.DAL.csproj", "{A679B02E-B16C-4649-880E-3DC981C92944}"
EndProject
Project("{FAE04EC0-301F-11D3-BF4B-00C04F79EFBC}") = "TOB.BLL", "TOB.BLL\TOB.BLL.csproj", "{88668E24-02E6-432F-B85C-561676CD68B8}"
EndProject
Project("{FAE04EC0-301F-11D3-BF4B-00C04F79EFBC}") = "TOB.DataInterfaces", "TOB.DataInterfaces\TOB.DataInterfaces.csproj", "{25C0492D-DB46-4209-9C2F-2BF9D19A66CC}"
EndProject
Project("{FAE04EC0-301F-11D3-BF4B-00C04F79EFBC}") = "TOB.Logger", "TOB.Logger\TOB.Logger.csproj", "{D4D981CD-3C26-4601-B9B4-45354A5F6947}"
EndProject
Project("{FAE04EC0-301F-11D3-BF4B-00C04F79EFBC}") = "TOB.Plugin", "TOB.Plugin\TOB.Plugin.csproj", "{68739E07-F491-4252-82EC-F0D27BBED8C4}"
EndProject
Project("{FAE04EC0-301F-11D3-BF4B-00C04F79EFBC}") = "TOBPlugin.PictureHelper", "Plugins\TOBPlugin.PictureHelper\TOBPlugin.PictureHelper.csproj", "{9B44DDB1-931B-48F4-B82D-83E3EA79364C}"
EndProject
Project("{FAE04EC0-301F-11D3-BF4B-00C04F79EFBC}") = "TOBPlugin.WebPreview", "Plugins\TOBPlugin.WebPreview\TOBPlugin.WebPreview.csproj", "{77CD3A08-9600-4581-A052-8CCD6BF16439}"
EndProject
Project("{FAE04EC0-301F-11D3-BF4B-00C04F79EFBC}") = "TOB.Utility", "TOB.Utility\TOB.Utility.csproj", "{C860DF5E-64F8-4694-ABEF-3C7E9084B255}"
EndProject
Project("{FAE04EC0-301F-11D3-BF4B-00C04F79EFBC}") = "TOBPlugin.TweetStats", "Plugins\TOBPlugin.TweetStats\TOBPlugin.TweetStats.csproj", "{EC77873D-6604-4132-A019-DE7A160FBB1D}"
EndProject
Global
	GlobalSection(SolutionConfigurationPlatforms) = preSolution
		Debug|Any CPU = Debug|Any CPU
		Debug|x86 = Debug|x86
		Release|Any CPU = Release|Any CPU
		Release|x86 = Release|x86
	EndGlobalSection
	GlobalSection(ProjectConfigurationPlatforms) = postSolution
		{34C562C4-8FE4-401A-BCFA-F5474A856785}.Debug|Any CPU.ActiveCfg = Debug|Any CPU
		{34C562C4-8FE4-401A-BCFA-F5474A856785}.Debug|Any CPU.Build.0 = Debug|Any CPU
		{34C562C4-8FE4-401A-BCFA-F5474A856785}.Debug|x86.ActiveCfg = Debug|x86
		{34C562C4-8FE4-401A-BCFA-F5474A856785}.Debug|x86.Build.0 = Debug|x86
		{34C562C4-8FE4-401A-BCFA-F5474A856785}.Release|Any CPU.ActiveCfg = Release|Any CPU
		{34C562C4-8FE4-401A-BCFA-F5474A856785}.Release|Any CPU.Build.0 = Release|Any CPU
		{34C562C4-8FE4-401A-BCFA-F5474A856785}.Release|x86.ActiveCfg = Release|x86
		{34C562C4-8FE4-401A-BCFA-F5474A856785}.Release|x86.Build.0 = Release|x86
		{71BDC41C-B745-4470-BBA2-0271084FD9D5}.Debug|Any CPU.ActiveCfg = Debug|Any CPU
		{71BDC41C-B745-4470-BBA2-0271084FD9D5}.Debug|Any CPU.Build.0 = Debug|Any CPU
		{71BDC41C-B745-4470-BBA2-0271084FD9D5}.Debug|x86.ActiveCfg = Debug|x86
		{71BDC41C-B745-4470-BBA2-0271084FD9D5}.Debug|x86.Build.0 = Debug|x86
		{71BDC41C-B745-4470-BBA2-0271084FD9D5}.Release|Any CPU.ActiveCfg = Release|Any CPU
		{71BDC41C-B745-4470-BBA2-0271084FD9D5}.Release|Any CPU.Build.0 = Release|Any CPU
		{71BDC41C-B745-4470-BBA2-0271084FD9D5}.Release|x86.ActiveCfg = Release|Any CPU
		{539753DC-CBC7-4335-B694-9F37C24ED435}.Debug|Any CPU.ActiveCfg = Debug|Any CPU
		{539753DC-CBC7-4335-B694-9F37C24ED435}.Debug|Any CPU.Build.0 = Debug|Any CPU
		{539753DC-CBC7-4335-B694-9F37C24ED435}.Debug|x86.ActiveCfg = Debug|x86
		{539753DC-CBC7-4335-B694-9F37C24ED435}.Debug|x86.Build.0 = Debug|x86
		{539753DC-CBC7-4335-B694-9F37C24ED435}.Release|Any CPU.ActiveCfg = Release|Any CPU
		{539753DC-CBC7-4335-B694-9F37C24ED435}.Release|Any CPU.Build.0 = Release|Any CPU
		{539753DC-CBC7-4335-B694-9F37C24ED435}.Release|x86.ActiveCfg = Release|x86
		{539753DC-CBC7-4335-B694-9F37C24ED435}.Release|x86.Build.0 = Release|x86
		{A679B02E-B16C-4649-880E-3DC981C92944}.Debug|Any CPU.ActiveCfg = Debug|Any CPU
		{A679B02E-B16C-4649-880E-3DC981C92944}.Debug|Any CPU.Build.0 = Debug|Any CPU
		{A679B02E-B16C-4649-880E-3DC981C92944}.Debug|x86.ActiveCfg = Debug|x86
		{A679B02E-B16C-4649-880E-3DC981C92944}.Debug|x86.Build.0 = Debug|x86
		{A679B02E-B16C-4649-880E-3DC981C92944}.Release|Any CPU.ActiveCfg = Release|Any CPU
		{A679B02E-B16C-4649-880E-3DC981C92944}.Release|Any CPU.Build.0 = Release|Any CPU
		{A679B02E-B16C-4649-880E-3DC981C92944}.Release|x86.ActiveCfg = Release|x86
		{A679B02E-B16C-4649-880E-3DC981C92944}.Release|x86.Build.0 = Release|x86
		{88668E24-02E6-432F-B85C-561676CD68B8}.Debug|Any CPU.ActiveCfg = Debug|Any CPU
		{88668E24-02E6-432F-B85C-561676CD68B8}.Debug|Any CPU.Build.0 = Debug|Any CPU
		{88668E24-02E6-432F-B85C-561676CD68B8}.Debug|x86.ActiveCfg = Debug|x86
		{88668E24-02E6-432F-B85C-561676CD68B8}.Debug|x86.Build.0 = Debug|x86
		{88668E24-02E6-432F-B85C-561676CD68B8}.Release|Any CPU.ActiveCfg = Release|Any CPU
		{88668E24-02E6-432F-B85C-561676CD68B8}.Release|Any CPU.Build.0 = Release|Any CPU
		{88668E24-02E6-432F-B85C-561676CD68B8}.Release|x86.ActiveCfg = Release|x86
		{88668E24-02E6-432F-B85C-561676CD68B8}.Release|x86.Build.0 = Release|x86
		{25C0492D-DB46-4209-9C2F-2BF9D19A66CC}.Debug|Any CPU.ActiveCfg = Debug|Any CPU
		{25C0492D-DB46-4209-9C2F-2BF9D19A66CC}.Debug|Any CPU.Build.0 = Debug|Any CPU
		{25C0492D-DB46-4209-9C2F-2BF9D19A66CC}.Debug|x86.ActiveCfg = Debug|x86
		{25C0492D-DB46-4209-9C2F-2BF9D19A66CC}.Debug|x86.Build.0 = Debug|x86
		{25C0492D-DB46-4209-9C2F-2BF9D19A66CC}.Release|Any CPU.ActiveCfg = Release|Any CPU
		{25C0492D-DB46-4209-9C2F-2BF9D19A66CC}.Release|Any CPU.Build.0 = Release|Any CPU
		{25C0492D-DB46-4209-9C2F-2BF9D19A66CC}.Release|x86.ActiveCfg = Release|x86
		{25C0492D-DB46-4209-9C2F-2BF9D19A66CC}.Release|x86.Build.0 = Release|x86
		{D4D981CD-3C26-4601-B9B4-45354A5F6947}.Debug|Any CPU.ActiveCfg = Debug|Any CPU
		{D4D981CD-3C26-4601-B9B4-45354A5F6947}.Debug|Any CPU.Build.0 = Debug|Any CPU
		{D4D981CD-3C26-4601-B9B4-45354A5F6947}.Debug|x86.ActiveCfg = Debug|x86
		{D4D981CD-3C26-4601-B9B4-45354A5F6947}.Debug|x86.Build.0 = Debug|x86
		{D4D981CD-3C26-4601-B9B4-45354A5F6947}.Release|Any CPU.ActiveCfg = Release|Any CPU
		{D4D981CD-3C26-4601-B9B4-45354A5F6947}.Release|Any CPU.Build.0 = Release|Any CPU
		{D4D981CD-3C26-4601-B9B4-45354A5F6947}.Release|x86.ActiveCfg = Release|x86
		{D4D981CD-3C26-4601-B9B4-45354A5F6947}.Release|x86.Build.0 = Release|x86
		{68739E07-F491-4252-82EC-F0D27BBED8C4}.Debug|Any CPU.ActiveCfg = Debug|Any CPU
		{68739E07-F491-4252-82EC-F0D27BBED8C4}.Debug|Any CPU.Build.0 = Debug|Any CPU
		{68739E07-F491-4252-82EC-F0D27BBED8C4}.Debug|x86.ActiveCfg = Debug|x86
		{68739E07-F491-4252-82EC-F0D27BBED8C4}.Debug|x86.Build.0 = Debug|x86
		{68739E07-F491-4252-82EC-F0D27BBED8C4}.Release|Any CPU.ActiveCfg = Release|Any CPU
		{68739E07-F491-4252-82EC-F0D27BBED8C4}.Release|Any CPU.Build.0 = Release|Any CPU
		{68739E07-F491-4252-82EC-F0D27BBED8C4}.Release|x86.ActiveCfg = Release|x86
		{68739E07-F491-4252-82EC-F0D27BBED8C4}.Release|x86.Build.0 = Release|x86
		{9B44DDB1-931B-48F4-B82D-83E3EA79364C}.Debug|Any CPU.ActiveCfg = Debug|Any CPU
		{9B44DDB1-931B-48F4-B82D-83E3EA79364C}.Debug|Any CPU.Build.0 = Debug|Any CPU
		{9B44DDB1-931B-48F4-B82D-83E3EA79364C}.Debug|x86.ActiveCfg = Debug|x86
		{9B44DDB1-931B-48F4-B82D-83E3EA79364C}.Debug|x86.Build.0 = Debug|x86
		{9B44DDB1-931B-48F4-B82D-83E3EA79364C}.Release|Any CPU.ActiveCfg = Release|Any CPU
		{9B44DDB1-931B-48F4-B82D-83E3EA79364C}.Release|Any CPU.Build.0 = Release|Any CPU
		{9B44DDB1-931B-48F4-B82D-83E3EA79364C}.Release|x86.ActiveCfg = Release|Any CPU
		{77CD3A08-9600-4581-A052-8CCD6BF16439}.Debug|Any CPU.ActiveCfg = Debug|Any CPU
		{77CD3A08-9600-4581-A052-8CCD6BF16439}.Debug|Any CPU.Build.0 = Debug|Any CPU
		{77CD3A08-9600-4581-A052-8CCD6BF16439}.Debug|x86.ActiveCfg = Debug|x86
		{77CD3A08-9600-4581-A052-8CCD6BF16439}.Debug|x86.Build.0 = Debug|x86
		{77CD3A08-9600-4581-A052-8CCD6BF16439}.Release|Any CPU.ActiveCfg = Release|Any CPU
		{77CD3A08-9600-4581-A052-8CCD6BF16439}.Release|Any CPU.Build.0 = Release|Any CPU
		{77CD3A08-9600-4581-A052-8CCD6BF16439}.Release|x86.ActiveCfg = Release|x86
		{C860DF5E-64F8-4694-ABEF-3C7E9084B255}.Debug|Any CPU.ActiveCfg = Debug|Any CPU
		{C860DF5E-64F8-4694-ABEF-3C7E9084B255}.Debug|Any CPU.Build.0 = Debug|Any CPU
		{C860DF5E-64F8-4694-ABEF-3C7E9084B255}.Debug|x86.ActiveCfg = Debug|x86
		{C860DF5E-64F8-4694-ABEF-3C7E9084B255}.Debug|x86.Build.0 = Debug|x86
		{C860DF5E-64F8-4694-ABEF-3C7E9084B255}.Release|Any CPU.ActiveCfg = Release|Any CPU
		{C860DF5E-64F8-4694-ABEF-3C7E9084B255}.Release|Any CPU.Build.0 = Release|Any CPU
		{C860DF5E-64F8-4694-ABEF-3C7E9084B255}.Release|x86.ActiveCfg = Release|Any CPU
		{EC77873D-6604-4132-A019-DE7A160FBB1D}.Debug|Any CPU.ActiveCfg = Debug|Any CPU
		{EC77873D-6604-4132-A019-DE7A160FBB1D}.Debug|Any CPU.Build.0 = Debug|Any CPU
		{EC77873D-6604-4132-A019-DE7A160FBB1D}.Debug|x86.ActiveCfg = Debug|Any CPU
		{EC77873D-6604-4132-A019-DE7A160FBB1D}.Release|Any CPU.ActiveCfg = Release|Any CPU
		{EC77873D-6604-4132-A019-DE7A160FBB1D}.Release|Any CPU.Build.0 = Release|Any CPU
		{EC77873D-6604-4132-A019-DE7A160FBB1D}.Release|x86.ActiveCfg = Release|Any CPU
	EndGlobalSection
	GlobalSection(SolutionProperties) = preSolution
		HideSolutionNode = FALSE
	EndGlobalSection
	GlobalSection(NestedProjects) = preSolution
		{9B44DDB1-931B-48F4-B82D-83E3EA79364C} = {741A8D85-7C04-410B-B228-4416025072B5}
		{77CD3A08-9600-4581-A052-8CCD6BF16439} = {741A8D85-7C04-410B-B228-4416025072B5}
		{EC77873D-6604-4132-A019-DE7A160FBB1D} = {741A8D85-7C04-410B-B228-4416025072B5}
	EndGlobalSection
EndGlobal
